{
  "name": "SWIS-foundation",
  "lockfileVersion": 3,
  "requires": true,
  "packages": {
    "": {
      "dependencies": {
        "framer-motion": "^12.18.1"
      },
      "devDependencies": {
        "@types/react": "^19.1.8"
      }
    },
    "node_modules/@types/react": {
      "version": "19.1.8",
      "resolved": "https://registry.npmjs.org/@types/react/-/react-19.1.8.tgz",
      "integrity": "sha512-AwAfQ2Wa5bCx9WP8nZL2uMZWod7J7/JSplxbTmBQ5ms6QpqNYm672H0Vu9ZVKVngQ+ii4R/byguVEUZQyeg44g==",
      "dev": true,
      "license": "MIT",
      "dependencies": {
        "csstype": "^3.0.2"
      }
    },
    "node_modules/csstype": {
      "version": "3.1.3",
      "resolved": "https://registry.npmjs.org/csstype/-/csstype-3.1.3.tgz",
      "integrity": "sha512-M1uQkMl8rQK/szD0LNhtqxIPLpimGm8sOBwU7lLnCpSbTyY3yeU1Vc7l4KT5zT4s/yOxHH5O7tIuuLOCnLADRw==",
      "dev": true,
      "license": "MIT"
    },
    "node_modules/framer-motion": {
      "version": "12.18.1",
      "resolved": "https://registry.npmjs.org/framer-motion/-/framer-motion-12.18.1.tgz",
      "integrity": "sha512-6o4EDuRPLk4LSZ1kRnnEOurbQ86MklVk+Y1rFBUKiF+d2pCdvMjWVu0ZkyMVCTwl5UyTH2n/zJEJx+jvTYuxow==",
      "license": "MIT",
      "dependencies": {
        "motion-dom": "^12.18.1",
        "motion-utils": "^12.18.1",
        "tslib": "^2.4.0"
      },
      "peerDependencies": {
        "@emotion/is-prop-valid": "*",
        "react": "^18.0.0 || ^19.0.0",
        "react-dom": "^18.0.0 || ^19.0.0"
      },
      "peerDependenciesMeta": {
        "@emotion/is-prop-valid": {
          "optional": true
        },
        "react": {
          "optional": true
        },
        "react-dom": {
          "optional": true
        }
      }
    },
    "node_modules/motion-dom": {
      "version": "12.18.1",
      "resolved": "https://registry.npmjs.org/motion-dom/-/motion-dom-12.18.1.tgz",
      "integrity": "sha512-dR/4EYT23Snd+eUSLrde63Ws3oXQtJNw/krgautvTfwrN/2cHfCZMdu6CeTxVfRRWREW3Fy1f5vobRDiBb/q+w==",
      "license": "MIT",
      "dependencies": {
        "motion-utils": "^12.18.1"
      }
    },
    "node_modules/motion-utils": {
      "version": "12.18.1",
      "resolved": "https://registry.npmjs.org/motion-utils/-/motion-utils-12.18.1.tgz",
      "integrity": "sha512-az26YDU4WoDP0ueAkUtABLk2BIxe28d8NH1qWT8jPGhPyf44XTdDUh8pDk9OPphaSrR9McgpcJlgwSOIw/sfkA==",
      "license": "MIT"
    },
    "node_modules/tslib": {
      "version": "2.8.1",
      "resolved": "https://registry.npmjs.org/tslib/-/tslib-2.8.1.tgz",
      "integrity": "sha512-oJFu94HQb+KVduSUQL7wnpmqnfmLsOA/nAh6b6EH0wCEoK0/mPeXU6c3wKDV83MkOuHPRHtSXKKU99IBazS/2w==",
      "license": "0BSD"
    }
  }
}
